
Microsoft Visual Studio Solution File, Format Version 12.00
# Visual Studio 14
VisualStudioVersion = 14.0.25420.1
MinimumVisualStudioVersion = 10.0.40219.1
Project("{FAE04EC0-301F-11D3-BF4B-00C04F79EFBC}") = "ICSharpCode.AvalonEdit", "ICSharpCode.AvalonEdit\ICSharpCode.AvalonEdit.csproj", "{6C55B776-26D4-4DB3-A6AB-87E783B2F3D1}"
EndProject
Project("{FAE04EC0-301F-11D3-BF4B-00C04F79EFBC}") = "GherkinEditor", "GherkinEditor\GherkinEditor.csproj", "{27820C8B-FACB-4AE2-86EC-6C8BEC70CE6D}"
EndProject
Project("{FAE04EC0-301F-11D3-BF4B-00C04F79EFBC}") = "Gherkin", "GherkinParser\Gherkin\Gherkin.csproj", "{370982B4-9938-4533-8EA1-6F9044B84130}"
EndProject
Project("{FAE04EC0-301F-11D3-BF4B-00C04F79EFBC}") = "BetterWpfControls", "BetterWpfControls\BetterWpfControls.csproj", "{E8229630-9896-4536-B6F9-BA8C1738E498}"
EndProject
Project("{FAE04EC0-301F-11D3-BF4B-00C04F79EFBC}") = "WpfMath", "WpfMath\WpfMath.csproj", "{010A34F1-1F3E-4528-99B4-95054DD45729}"
EndProject
Project("{FAE04EC0-301F-11D3-BF4B-00C04F79EFBC}") = "PdfSharp-WPF", "PdfSharp\PdfSharp-WPF.csproj", "{02FCC0BB-2AA2-43BA-8D2F-66D168B87A1D}"
EndProject
Project("{FAE04EC0-301F-11D3-BF4B-00C04F79EFBC}") = "PdfSharp.Xps", "PdfSharp.Xps\PdfSharp.Xps.csproj", "{0BC3964B-A3BC-49D5-9B7C-463299B5A166}"
EndProject
Project("{FAE04EC0-301F-11D3-BF4B-00C04F79EFBC}") = "PreviewHandlerFramework", "PreviewHandlerFramework\PreviewHandlerFramework.csproj", "{F27001C1-FE96-4268-BDD8-EC96AB50D2D6}"
EndProject
Project("{FAE04EC0-301F-11D3-BF4B-00C04F79EFBC}") = "OxyPlot", "OxyPlot\OxyPlot.csproj", "{7A0B35C0-DD17-4964-8E9A-44D6CECDC692}"
EndProject
Project("{FAE04EC0-301F-11D3-BF4B-00C04F79EFBC}") = "OxyPlot.Wpf", "OxyPlot.Wpf\OxyPlot.Wpf.csproj", "{698CCD8E-ADCC-4565-8517-5EDD36F07155}"
EndProject
Global
	GlobalSection(SolutionConfigurationPlatforms) = preSolution
		Debug|Any CPU = Debug|Any CPU
		Debug|Net35 = Debug|Net35
		Debug|Net40 = Debug|Net40
		Debug|WithNRefactory = Debug|WithNRefactory
		Debug|x86 = Debug|x86
		Release|Any CPU = Release|Any CPU
		Release|Net35 = Release|Net35
		Release|Net40 = Release|Net40
		Release|WithNRefactory = Release|WithNRefactory
		Release|x86 = Release|x86
	EndGlobalSection
	GlobalSection(ProjectConfigurationPlatforms) = postSolution
		{6C55B776-26D4-4DB3-A6AB-87E783B2F3D1}.Debug|Any CPU.ActiveCfg = Debug|WithNRefactory
		{6C55B776-26D4-4DB3-A6AB-87E783B2F3D1}.Debug|Net35.ActiveCfg = Debug|Net35
		{6C55B776-26D4-4DB3-A6AB-87E783B2F3D1}.Debug|Net35.Build.0 = Debug|Net35
		{6C55B776-26D4-4DB3-A6AB-87E783B2F3D1}.Debug|Net40.ActiveCfg = Debug|Net40
		{6C55B776-26D4-4DB3-A6AB-87E783B2F3D1}.Debug|Net40.Build.0 = Debug|Net40
		{6C55B776-26D4-4DB3-A6AB-87E783B2F3D1}.Debug|WithNRefactory.ActiveCfg = Debug|WithNRefactory
		{6C55B776-26D4-4DB3-A6AB-87E783B2F3D1}.Debug|WithNRefactory.Build.0 = Debug|WithNRefactory
		{6C55B776-26D4-4DB3-A6AB-87E783B2F3D1}.Debug|x86.ActiveCfg = Debug|Net40
		{6C55B776-26D4-4DB3-A6AB-87E783B2F3D1}.Release|Any CPU.ActiveCfg = Release|WithNRefactory
		{6C55B776-26D4-4DB3-A6AB-87E783B2F3D1}.Release|Net35.ActiveCfg = Release|Net35
		{6C55B776-26D4-4DB3-A6AB-87E783B2F3D1}.Release|Net35.Build.0 = Release|Net35
		{6C55B776-26D4-4DB3-A6AB-87E783B2F3D1}.Release|Net40.ActiveCfg = Release|Net40
		{6C55B776-26D4-4DB3-A6AB-87E783B2F3D1}.Release|Net40.Build.0 = Release|Net40
		{6C55B776-26D4-4DB3-A6AB-87E783B2F3D1}.Release|WithNRefactory.ActiveCfg = Release|WithNRefactory
		{6C55B776-26D4-4DB3-A6AB-87E783B2F3D1}.Release|WithNRefactory.Build.0 = Release|WithNRefactory
		{6C55B776-26D4-4DB3-A6AB-87E783B2F3D1}.Release|x86.ActiveCfg = Release|Net40
		{27820C8B-FACB-4AE2-86EC-6C8BEC70CE6D}.Debug|Any CPU.ActiveCfg = Debug|Any CPU
		{27820C8B-FACB-4AE2-86EC-6C8BEC70CE6D}.Debug|Any CPU.Build.0 = Debug|Any CPU
		{27820C8B-FACB-4AE2-86EC-6C8BEC70CE6D}.Debug|Net35.ActiveCfg = Debug|Any CPU
		{27820C8B-FACB-4AE2-86EC-6C8BEC70CE6D}.Debug|Net35.Build.0 = Debug|Any CPU
		{27820C8B-FACB-4AE2-86EC-6C8BEC70CE6D}.Debug|Net40.ActiveCfg = Debug|Any CPU
		{27820C8B-FACB-4AE2-86EC-6C8BEC70CE6D}.Debug|Net40.Build.0 = Debug|Any CPU
		{27820C8B-FACB-4AE2-86EC-6C8BEC70CE6D}.Debug|WithNRefactory.ActiveCfg = Debug|Any CPU
		{27820C8B-FACB-4AE2-86EC-6C8BEC70CE6D}.Debug|WithNRefactory.Build.0 = Debug|Any CPU
		{27820C8B-FACB-4AE2-86EC-6C8BEC70CE6D}.Debug|x86.ActiveCfg = Debug|Any CPU
		{27820C8B-FACB-4AE2-86EC-6C8BEC70CE6D}.Debug|x86.Build.0 = Debug|Any CPU
		{27820C8B-FACB-4AE2-86EC-6C8BEC70CE6D}.Release|Any CPU.ActiveCfg = Release|Any CPU
		{27820C8B-FACB-4AE2-86EC-6C8BEC70CE6D}.Release|Any CPU.Build.0 = Release|Any CPU
		{27820C8B-FACB-4AE2-86EC-6C8BEC70CE6D}.Release|Net35.ActiveCfg = Release|Any CPU
		{27820C8B-FACB-4AE2-86EC-6C8BEC70CE6D}.Release|Net35.Build.0 = Release|Any CPU
		{27820C8B-FACB-4AE2-86EC-6C8BEC70CE6D}.Release|Net40.ActiveCfg = Release|Any CPU
		{27820C8B-FACB-4AE2-86EC-6C8BEC70CE6D}.Release|Net40.Build.0 = Release|Any CPU
		{27820C8B-FACB-4AE2-86EC-6C8BEC70CE6D}.Release|WithNRefactory.ActiveCfg = Release|Any CPU
		{27820C8B-FACB-4AE2-86EC-6C8BEC70CE6D}.Release|WithNRefactory.Build.0 = Release|Any CPU
		{27820C8B-FACB-4AE2-86EC-6C8BEC70CE6D}.Release|x86.ActiveCfg = Release|Any CPU
		{27820C8B-FACB-4AE2-86EC-6C8BEC70CE6D}.Release|x86.Build.0 = Release|Any CPU
		{370982B4-9938-4533-8EA1-6F9044B84130}.Debug|Any CPU.ActiveCfg = Debug|Any CPU
		{370982B4-9938-4533-8EA1-6F9044B84130}.Debug|Any CPU.Build.0 = Debug|Any CPU
		{370982B4-9938-4533-8EA1-6F9044B84130}.Debug|Net35.ActiveCfg = Debug|Any CPU
		{370982B4-9938-4533-8EA1-6F9044B84130}.Debug|Net35.Build.0 = Debug|Any CPU
		{370982B4-9938-4533-8EA1-6F9044B84130}.Debug|Net40.ActiveCfg = Debug|Any CPU
		{370982B4-9938-4533-8EA1-6F9044B84130}.Debug|Net40.Build.0 = Debug|Any CPU
		{370982B4-9938-4533-8EA1-6F9044B84130}.Debug|WithNRefactory.ActiveCfg = Debug|Any CPU
		{370982B4-9938-4533-8EA1-6F9044B84130}.Debug|WithNRefactory.Build.0 = Debug|Any CPU
		{370982B4-9938-4533-8EA1-6F9044B84130}.Debug|x86.ActiveCfg = Debug|Any CPU
		{370982B4-9938-4533-8EA1-6F9044B84130}.Debug|x86.Build.0 = Debug|Any CPU
		{370982B4-9938-4533-8EA1-6F9044B84130}.Release|Any CPU.ActiveCfg = Release|Any CPU
		{370982B4-9938-4533-8EA1-6F9044B84130}.Release|Any CPU.Build.0 = Release|Any CPU
		{370982B4-9938-4533-8EA1-6F9044B84130}.Release|Net35.ActiveCfg = Release|Any CPU
		{370982B4-9938-4533-8EA1-6F9044B84130}.Release|Net35.Build.0 = Release|Any CPU
		{370982B4-9938-4533-8EA1-6F9044B84130}.Release|Net40.ActiveCfg = Release|Any CPU
		{370982B4-9938-4533-8EA1-6F9044B84130}.Release|Net40.Build.0 = Release|Any CPU
		{370982B4-9938-4533-8EA1-6F9044B84130}.Release|WithNRefactory.ActiveCfg = Release|Any CPU
		{370982B4-9938-4533-8EA1-6F9044B84130}.Release|WithNRefactory.Build.0 = Release|Any CPU
		{370982B4-9938-4533-8EA1-6F9044B84130}.Release|x86.ActiveCfg = Release|Any CPU
		{370982B4-9938-4533-8EA1-6F9044B84130}.Release|x86.Build.0 = Release|Any CPU
		{E8229630-9896-4536-B6F9-BA8C1738E498}.Debug|Any CPU.ActiveCfg = Debug|Any CPU
		{E8229630-9896-4536-B6F9-BA8C1738E498}.Debug|Any CPU.Build.0 = Debug|Any CPU
		{E8229630-9896-4536-B6F9-BA8C1738E498}.Debug|Net35.ActiveCfg = Debug|Any CPU
		{E8229630-9896-4536-B6F9-BA8C1738E498}.Debug|Net35.Build.0 = Debug|Any CPU
		{E8229630-9896-4536-B6F9-BA8C1738E498}.Debug|Net40.ActiveCfg = Debug|Any CPU
		{E8229630-9896-4536-B6F9-BA8C1738E498}.Debug|Net40.Build.0 = Debug|Any CPU
		{E8229630-9896-4536-B6F9-BA8C1738E498}.Debug|WithNRefactory.ActiveCfg = Debug|Any CPU
		{E8229630-9896-4536-B6F9-BA8C1738E498}.Debug|WithNRefactory.Build.0 = Debug|Any CPU
		{E8229630-9896-4536-B6F9-BA8C1738E498}.Debug|x86.ActiveCfg = Debug|Any CPU
		{E8229630-9896-4536-B6F9-BA8C1738E498}.Debug|x86.Build.0 = Debug|Any CPU
		{E8229630-9896-4536-B6F9-BA8C1738E498}.Release|Any CPU.ActiveCfg = Release|Any CPU
		{E8229630-9896-4536-B6F9-BA8C1738E498}.Release|Any CPU.Build.0 = Release|Any CPU
		{E8229630-9896-4536-B6F9-BA8C1738E498}.Release|Net35.ActiveCfg = Release|Any CPU
		{E8229630-9896-4536-B6F9-BA8C1738E498}.Release|Net35.Build.0 = Release|Any CPU
		{E8229630-9896-4536-B6F9-BA8C1738E498}.Release|Net40.ActiveCfg = Release|Any CPU
		{E8229630-9896-4536-B6F9-BA8C1738E498}.Release|Net40.Build.0 = Release|Any CPU
		{E8229630-9896-4536-B6F9-BA8C1738E498}.Release|WithNRefactory.ActiveCfg = Release|Any CPU
		{E8229630-9896-4536-B6F9-BA8C1738E498}.Release|WithNRefactory.Build.0 = Release|Any CPU
		{E8229630-9896-4536-B6F9-BA8C1738E498}.Release|x86.ActiveCfg = Release|Any CPU
		{E8229630-9896-4536-B6F9-BA8C1738E498}.Release|x86.Build.0 = Release|Any CPU
		{010A34F1-1F3E-4528-99B4-95054DD45729}.Debug|Any CPU.ActiveCfg = Debug|Any CPU
		{010A34F1-1F3E-4528-99B4-95054DD45729}.Debug|Any CPU.Build.0 = Debug|Any CPU
		{010A34F1-1F3E-4528-99B4-95054DD45729}.Debug|Net35.ActiveCfg = Debug|Any CPU
		{010A34F1-1F3E-4528-99B4-95054DD45729}.Debug|Net35.Build.0 = Debug|Any CPU
		{010A34F1-1F3E-4528-99B4-95054DD45729}.Debug|Net40.ActiveCfg = Debug|Any CPU
		{010A34F1-1F3E-4528-99B4-95054DD45729}.Debug|Net40.Build.0 = Debug|Any CPU
		{010A34F1-1F3E-4528-99B4-95054DD45729}.Debug|WithNRefactory.ActiveCfg = Debug|Any CPU
		{010A34F1-1F3E-4528-99B4-95054DD45729}.Debug|WithNRefactory.Build.0 = Debug|Any CPU
		{010A34F1-1F3E-4528-99B4-95054DD45729}.Debug|x86.ActiveCfg = Debug|Any CPU
		{010A34F1-1F3E-4528-99B4-95054DD45729}.Debug|x86.Build.0 = Debug|Any CPU
		{010A34F1-1F3E-4528-99B4-95054DD45729}.Release|Any CPU.ActiveCfg = Release|Any CPU
		{010A34F1-1F3E-4528-99B4-95054DD45729}.Release|Any CPU.Build.0 = Release|Any CPU
		{010A34F1-1F3E-4528-99B4-95054DD45729}.Release|Net35.ActiveCfg = Release|Any CPU
		{010A34F1-1F3E-4528-99B4-95054DD45729}.Release|Net35.Build.0 = Release|Any CPU
		{010A34F1-1F3E-4528-99B4-95054DD45729}.Release|Net40.ActiveCfg = Release|Any CPU
		{010A34F1-1F3E-4528-99B4-95054DD45729}.Release|Net40.Build.0 = Release|Any CPU
		{010A34F1-1F3E-4528-99B4-95054DD45729}.Release|WithNRefactory.ActiveCfg = Release|Any CPU
		{010A34F1-1F3E-4528-99B4-95054DD45729}.Release|WithNRefactory.Build.0 = Release|Any CPU
		{010A34F1-1F3E-4528-99B4-95054DD45729}.Release|x86.ActiveCfg = Release|Any CPU
		{010A34F1-1F3E-4528-99B4-95054DD45729}.Release|x86.Build.0 = Release|Any CPU
		{02FCC0BB-2AA2-43BA-8D2F-66D168B87A1D}.Debug|Any CPU.ActiveCfg = Debug|Any CPU
		{02FCC0BB-2AA2-43BA-8D2F-66D168B87A1D}.Debug|Any CPU.Build.0 = Debug|Any CPU
		{02FCC0BB-2AA2-43BA-8D2F-66D168B87A1D}.Debug|Net35.ActiveCfg = Debug|Any CPU
		{02FCC0BB-2AA2-43BA-8D2F-66D168B87A1D}.Debug|Net35.Build.0 = Debug|Any CPU
		{02FCC0BB-2AA2-43BA-8D2F-66D168B87A1D}.Debug|Net40.ActiveCfg = Debug|Any CPU
		{02FCC0BB-2AA2-43BA-8D2F-66D168B87A1D}.Debug|Net40.Build.0 = Debug|Any CPU
		{02FCC0BB-2AA2-43BA-8D2F-66D168B87A1D}.Debug|WithNRefactory.ActiveCfg = Debug|Any CPU
		{02FCC0BB-2AA2-43BA-8D2F-66D168B87A1D}.Debug|WithNRefactory.Build.0 = Debug|Any CPU
		{02FCC0BB-2AA2-43BA-8D2F-66D168B87A1D}.Debug|x86.ActiveCfg = Debug|Any CPU
		{02FCC0BB-2AA2-43BA-8D2F-66D168B87A1D}.Debug|x86.Build.0 = Debug|Any CPU
		{02FCC0BB-2AA2-43BA-8D2F-66D168B87A1D}.Release|Any CPU.ActiveCfg = Release|Any CPU
		{02FCC0BB-2AA2-43BA-8D2F-66D168B87A1D}.Release|Any CPU.Build.0 = Release|Any CPU
		{02FCC0BB-2AA2-43BA-8D2F-66D168B87A1D}.Release|Net35.ActiveCfg = Release|Any CPU
		{02FCC0BB-2AA2-43BA-8D2F-66D168B87A1D}.Release|Net35.Build.0 = Release|Any CPU
		{02FCC0BB-2AA2-43BA-8D2F-66D168B87A1D}.Release|Net40.ActiveCfg = Release|Any CPU
		{02FCC0BB-2AA2-43BA-8D2F-66D168B87A1D}.Release|Net40.Build.0 = Release|Any CPU
		{02FCC0BB-2AA2-43BA-8D2F-66D168B87A1D}.Release|WithNRefactory.ActiveCfg = Release|Any CPU
		{02FCC0BB-2AA2-43BA-8D2F-66D168B87A1D}.Release|WithNRefactory.Build.0 = Release|Any CPU
		{02FCC0BB-2AA2-43BA-8D2F-66D168B87A1D}.Release|x86.ActiveCfg = Release|Any CPU
		{02FCC0BB-2AA2-43BA-8D2F-66D168B87A1D}.Release|x86.Build.0 = Release|Any CPU
		{0BC3964B-A3BC-49D5-9B7C-463299B5A166}.Debug|Any CPU.ActiveCfg = Debug|Any CPU
		{0BC3964B-A3BC-49D5-9B7C-463299B5A166}.Debug|Any CPU.Build.0 = Debug|Any CPU
		{0BC3964B-A3BC-49D5-9B7C-463299B5A166}.Debug|Net35.ActiveCfg = Debug|Any CPU
		{0BC3964B-A3BC-49D5-9B7C-463299B5A166}.Debug|Net35.Build.0 = Debug|Any CPU
		{0BC3964B-A3BC-49D5-9B7C-463299B5A166}.Debug|Net40.ActiveCfg = Debug|Any CPU
		{0BC3964B-A3BC-49D5-9B7C-463299B5A166}.Debug|Net40.Build.0 = Debug|Any CPU
		{0BC3964B-A3BC-49D5-9B7C-463299B5A166}.Debug|WithNRefactory.ActiveCfg = Debug|Any CPU
		{0BC3964B-A3BC-49D5-9B7C-463299B5A166}.Debug|WithNRefactory.Build.0 = Debug|Any CPU
		{0BC3964B-A3BC-49D5-9B7C-463299B5A166}.Debug|x86.ActiveCfg = Debug|Any CPU
		{0BC3964B-A3BC-49D5-9B7C-463299B5A166}.Debug|x86.Build.0 = Debug|Any CPU
		{0BC3964B-A3BC-49D5-9B7C-463299B5A166}.Release|Any CPU.ActiveCfg = Release|Any CPU
		{0BC3964B-A3BC-49D5-9B7C-463299B5A166}.Release|Any CPU.Build.0 = Release|Any CPU
		{0BC3964B-A3BC-49D5-9B7C-463299B5A166}.Release|Net35.ActiveCfg = Release|Any CPU
		{0BC3964B-A3BC-49D5-9B7C-463299B5A166}.Release|Net35.Build.0 = Release|Any CPU
		{0BC3964B-A3BC-49D5-9B7C-463299B5A166}.Release|Net40.ActiveCfg = Release|Any CPU
		{0BC3964B-A3BC-49D5-9B7C-463299B5A166}.Release|Net40.Build.0 = Release|Any CPU
		{0BC3964B-A3BC-49D5-9B7C-463299B5A166}.Release|WithNRefactory.ActiveCfg = Release|Any CPU
		{0BC3964B-A3BC-49D5-9B7C-463299B5A166}.Release|WithNRefactory.Build.0 = Release|Any CPU
		{0BC3964B-A3BC-49D5-9B7C-463299B5A166}.Release|x86.ActiveCfg = Release|Any CPU
		{0BC3964B-A3BC-49D5-9B7C-463299B5A166}.Release|x86.Build.0 = Release|Any CPU
		{F27001C1-FE96-4268-BDD8-EC96AB50D2D6}.Debug|Any CPU.ActiveCfg = Debug|Any CPU
		{F27001C1-FE96-4268-BDD8-EC96AB50D2D6}.Debug|Any CPU.Build.0 = Debug|Any CPU
		{F27001C1-FE96-4268-BDD8-EC96AB50D2D6}.Debug|Net35.ActiveCfg = Debug|Any CPU
		{F27001C1-FE96-4268-BDD8-EC96AB50D2D6}.Debug|Net35.Build.0 = Debug|Any CPU
		{F27001C1-FE96-4268-BDD8-EC96AB50D2D6}.Debug|Net40.ActiveCfg = Debug|Any CPU
		{F27001C1-FE96-4268-BDD8-EC96AB50D2D6}.Debug|Net40.Build.0 = Debug|Any CPU
		{F27001C1-FE96-4268-BDD8-EC96AB50D2D6}.Debug|WithNRefactory.ActiveCfg = Debug|Any CPU
		{F27001C1-FE96-4268-BDD8-EC96AB50D2D6}.Debug|WithNRefactory.Build.0 = Debug|Any CPU
		{F27001C1-FE96-4268-BDD8-EC96AB50D2D6}.Debug|x86.ActiveCfg = Debug|Any CPU
		{F27001C1-FE96-4268-BDD8-EC96AB50D2D6}.Debug|x86.Build.0 = Debug|Any CPU
		{F27001C1-FE96-4268-BDD8-EC96AB50D2D6}.Release|Any CPU.ActiveCfg = Release|Any CPU
		{F27001C1-FE96-4268-BDD8-EC96AB50D2D6}.Release|Any CPU.Build.0 = Release|Any CPU
		{F27001C1-FE96-4268-BDD8-EC96AB50D2D6}.Release|Net35.ActiveCfg = Release|Any CPU
		{F27001C1-FE96-4268-BDD8-EC96AB50D2D6}.Release|Net35.Build.0 = Release|Any CPU
		{F27001C1-FE96-4268-BDD8-EC96AB50D2D6}.Release|Net40.ActiveCfg = Release|Any CPU
		{F27001C1-FE96-4268-BDD8-EC96AB50D2D6}.Release|Net40.Build.0 = Release|Any CPU
		{F27001C1-FE96-4268-BDD8-EC96AB50D2D6}.Release|WithNRefactory.ActiveCfg = Release|Any CPU
		{F27001C1-FE96-4268-BDD8-EC96AB50D2D6}.Release|WithNRefactory.Build.0 = Release|Any CPU
		{F27001C1-FE96-4268-BDD8-EC96AB50D2D6}.Release|x86.ActiveCfg = Release|Any CPU
		{F27001C1-FE96-4268-BDD8-EC96AB50D2D6}.Release|x86.Build.0 = Release|Any CPU
		{7A0B35C0-DD17-4964-8E9A-44D6CECDC692}.Debug|Any CPU.ActiveCfg = Debug|Any CPU
		{7A0B35C0-DD17-4964-8E9A-44D6CECDC692}.Debug|Any CPU.Build.0 = Debug|Any CPU
		{7A0B35C0-DD17-4964-8E9A-44D6CECDC692}.Debug|Net35.ActiveCfg = Debug|Any CPU
		{7A0B35C0-DD17-4964-8E9A-44D6CECDC692}.Debug|Net35.Build.0 = Debug|Any CPU
		{7A0B35C0-DD17-4964-8E9A-44D6CECDC692}.Debug|Net40.ActiveCfg = Debug|Any CPU
		{7A0B35C0-DD17-4964-8E9A-44D6CECDC692}.Debug|Net40.Build.0 = Debug|Any CPU
		{7A0B35C0-DD17-4964-8E9A-44D6CECDC692}.Debug|WithNRefactory.ActiveCfg = Debug|Any CPU
		{7A0B35C0-DD17-4964-8E9A-44D6CECDC692}.Debug|WithNRefactory.Build.0 = Debug|Any CPU
		{7A0B35C0-DD17-4964-8E9A-44D6CECDC692}.Debug|x86.ActiveCfg = Debug|Any CPU
		{7A0B35C0-DD17-4964-8E9A-44D6CECDC692}.Debug|x86.Build.0 = Debug|Any CPU
		{7A0B35C0-DD17-4964-8E9A-44D6CECDC692}.Release|Any CPU.ActiveCfg = Release|Any CPU
		{7A0B35C0-DD17-4964-8E9A-44D6CECDC692}.Release|Any CPU.Build.0 = Release|Any CPU
		{7A0B35C0-DD17-4964-8E9A-44D6CECDC692}.Release|Net35.ActiveCfg = Release|Any CPU
		{7A0B35C0-DD17-4964-8E9A-44D6CECDC692}.Release|Net35.Build.0 = Release|Any CPU
		{7A0B35C0-DD17-4964-8E9A-44D6CECDC692}.Release|Net40.ActiveCfg = Release|Any CPU
		{7A0B35C0-DD17-4964-8E9A-44D6CECDC692}.Release|Net40.Build.0 = Release|Any CPU
		{7A0B35C0-DD17-4964-8E9A-44D6CECDC692}.Release|WithNRefactory.ActiveCfg = Release|Any CPU
		{7A0B35C0-DD17-4964-8E9A-44D6CECDC692}.Release|WithNRefactory.Build.0 = Release|Any CPU
		{7A0B35C0-DD17-4964-8E9A-44D6CECDC692}.Release|x86.ActiveCfg = Release|Any CPU
		{7A0B35C0-DD17-4964-8E9A-44D6CECDC692}.Release|x86.Build.0 = Release|Any CPU
		{698CCD8E-ADCC-4565-8517-5EDD36F07155}.Debug|Any CPU.ActiveCfg = Debug|Any CPU
		{698CCD8E-ADCC-4565-8517-5EDD36F07155}.Debug|Any CPU.Build.0 = Debug|Any CPU
		{698CCD8E-ADCC-4565-8517-5EDD36F07155}.Debug|Net35.ActiveCfg = Debug|Any CPU
		{698CCD8E-ADCC-4565-8517-5EDD36F07155}.Debug|Net35.Build.0 = Debug|Any CPU
		{698CCD8E-ADCC-4565-8517-5EDD36F07155}.Debug|Net40.ActiveCfg = Debug|Any CPU
		{698CCD8E-ADCC-4565-8517-5EDD36F07155}.Debug|Net40.Build.0 = Debug|Any CPU
		{698CCD8E-ADCC-4565-8517-5EDD36F07155}.Debug|WithNRefactory.ActiveCfg = Debug|Any CPU
		{698CCD8E-ADCC-4565-8517-5EDD36F07155}.Debug|WithNRefactory.Build.0 = Debug|Any CPU
		{698CCD8E-ADCC-4565-8517-5EDD36F07155}.Debug|x86.ActiveCfg = Debug|Any CPU
		{698CCD8E-ADCC-4565-8517-5EDD36F07155}.Debug|x86.Build.0 = Debug|Any CPU
		{698CCD8E-ADCC-4565-8517-5EDD36F07155}.Release|Any CPU.ActiveCfg = Release|Any CPU
		{698CCD8E-ADCC-4565-8517-5EDD36F07155}.Release|Any CPU.Build.0 = Release|Any CPU
		{698CCD8E-ADCC-4565-8517-5EDD36F07155}.Release|Net35.ActiveCfg = Release|Any CPU
		{698CCD8E-ADCC-4565-8517-5EDD36F07155}.Release|Net35.Build.0 = Release|Any CPU
		{698CCD8E-ADCC-4565-8517-5EDD36F07155}.Release|Net40.ActiveCfg = Release|Any CPU
		{698CCD8E-ADCC-4565-8517-5EDD36F07155}.Release|Net40.Build.0 = Release|Any CPU
		{698CCD8E-ADCC-4565-8517-5EDD36F07155}.Release|WithNRefactory.ActiveCfg = Release|Any CPU
		{698CCD8E-ADCC-4565-8517-5EDD36F07155}.Release|WithNRefactory.Build.0 = Release|Any CPU
		{698CCD8E-ADCC-4565-8517-5EDD36F07155}.Release|x86.ActiveCfg = Release|Any CPU
		{698CCD8E-ADCC-4565-8517-5EDD36F07155}.Release|x86.Build.0 = Release|Any CPU
	EndGlobalSection
	GlobalSection(SolutionProperties) = preSolution
		HideSolutionNode = FALSE
	EndGlobalSection
EndGlobal
